{
  "name": "swagger-ui-dist",
  "lockfileVersion": 3,
  "packages": {
    "": {
      "license": "Apache-2.0",
      "devDependencies": {},
      "name": "swagger-ui-dist",
      "version": "5.30.2",
      "dependencies": {"@scarf/scarf": "=1.4.0"}
    },
    "node_modules/@scarf/scarf": {
      "license": "Apache-2.0",
      "integrity": "sha512-xxeapPiUXdZAE3che6f3xogoJPeZgig6omHEy1rIY5WVsB3H2BHNnZH+gHG6x91SCWyQCzWGsuL2Hh3ClO5/qQ==",
      "hasInstallScript": true,
      "version": "1.4.0",
      "resolved": "https://registry.npmjs.org/@scarf/scarf/-/scarf-1.4.0.tgz"
    }
  },
  "version": "5.30.2",
  "requires": true
}
