{
  "name": "wiremock-ui-resources",
  "version": "0.0.0-dev",
  "lockfileVersion": 3,
  "requires": true,
  "packages": {
    "": {
      "name": "wiremock-ui-resources",
      "version": "0.0.0-dev",
      "devDependencies": {
        "@redocly/cli": "^2.43.2",
        "swagger-ui-dist": "^5.32.11"
      },
      "engines": {
        "node": ">= 0.10.0"
      }
    },
    "node_modules/@redocly/cli": {
      "version": "2.43.2",
      "resolved": "https://registry.npmjs.org/@redocly/cli/-/cli-2.43.2.tgz",
      "integrity": "sha512-0rPTyFiYWw4nDQgvGC/M0iwQSAuk+X42Bn3mFNTNLVllIsYDG2W3nFVkdNGqTBiR8C/8e7XrF0n3DZq8fDvZvg==",
      "dev": true,
      "license": "MIT",
      "bin": {
        "openapi": "bin/cli.js",
        "redocly": "bin/cli.js"
      },
      "engines": {
        "node": ">=22.12.0 || >=20.19.0 <21.0.0",
        "npm": ">=10"
      }
    },
    "node_modules/@scarf/scarf": {
      "version": "1.4.0",
      "resolved": "https://registry.npmjs.org/@scarf/scarf/-/scarf-1.4.0.tgz",
      "integrity": "sha512-xxeapPiUXdZAE3che6f3xogoJPeZgig6omHEy1rIY5WVsB3H2BHNnZH+gHG6x91SCWyQCzWGsuL2Hh3ClO5/qQ==",
      "dev": true,
      "hasInstallScript": true,
      "license": "Apache-2.0"
    },
    "node_modules/swagger-ui-dist": {
      "version": "5.32.11",
      "resolved": "https://registry.npmjs.org/swagger-ui-dist/-/swagger-ui-dist-5.32.11.tgz",
      "integrity": "sha512-NEZzRuxHHQkbG3GCjNbzz+XRDoM7AztnXyzc2VCW5RXUvZBDW7bb3W29/SPfvav3yOzqnDTOLP2Xzbjxo0bldQ==",
      "dev": true,
      "license": "Apache-2.0",
      "dependencies": {
        "@scarf/scarf": "=1.4.0"
      }
    }
  }
}
